{
  "version": 4,
  "terraform_version": "1.8.4",
  "serial": 1,
  "lineage": "a0d86275-1959-4e6e-8b09-17c01fb5a380",
  "outputs": {},
  "resources": [
    {
      "mode": "managed",
      "type": "local_file",
      "name": "cat_res",
      "provider": "provider[\"registry.terraform.io/hashicorp/local\"]",
      "instances": [
        {
          "schema_version": 0,
          "attributes": {
            "content": "I love cats",
            "content_base64": null,
            "content_base64sha256": "YosKaqsS/OpsFaZsW9kgK5Ju9LcXsRilkaN/kPr2tFM=",
            "content_base64sha512": "tqXxu+2/fZOwDFvwEzHxS2BwxoEKc1WQ8HdfTPBYqqrmK4hX5eQHMJ6mvj2C8AsSnABgmvrxX3i9x21lhqUxZg==",
            "content_md5": "584e4d59c580ca10f301d53814b700da",
            "content_sha1": "aa9f05f39211ea80c845af77b88de873f63b14af",
            "content_sha256": "628b0a6aab12fcea6c15a66c5bd9202b926ef4b717b118a591a37f90faf6b453",
            "content_sha512": "b6a5f1bbedbf7d93b00c5bf01331f14b6070c6810a735590f0775f4cf058aaaae62b8857e5e407309ea6be3d82f00b129c00609afaf15f78bdc76d6586a53166",
            "directory_permission": "0777",
            "file_permission": "0777",
            "filename": "cat.txt",
            "id": "aa9f05f39211ea80c845af77b88de873f63b14af",
            "sensitive_content": null,
            "source": null
          },
          "sensitive_attributes": [
            [
              {
                "type": "get_attr",
                "value": "sensitive_content"
              }
            ]
          ]
        }
      ]
    },
    {
      "mode": "managed",
      "type": "local_file",
      "name": "dog_res",
      "provider": "provider[\"registry.terraform.io/hashicorp/local\"]",
      "instances": [
        {
          "schema_version": 0,
          "attributes": {
            "content": "I love dogs",
            "content_base64": null,
            "content_base64sha256": "0ivGRsKUXJs//4vjDlYEGHGvXguijA5uzy6CqSdxqqs=",
            "content_base64sha512": "ol760sKcMl+x40Zz499onj3Xe05O1u/lTQBYtwpBDPmWjDmhqP7IpWYN0NFjC/7v+aeAQ5LHq9PpaiQhD7+Yaw==",
            "content_md5": "a7f6bde30206ba75668000f56f0fea9a",
            "content_sha1": "3f3ded393feee092402b829715083249ae6cfb69",
            "content_sha256": "d22bc646c2945c9b3fff8be30e56041871af5e0ba28c0e6ecf2e82a92771aaab",
            "content_sha512": "a25efad2c29c325fb1e34673e3df689e3dd77b4e4ed6efe54d0058b70a410cf9968c39a1a8fec8a5660dd0d1630bfeeff9a7804392c7abd3e96a24210fbf986b",
            "directory_permission": "0777",
            "file_permission": "0777",
            "filename": "dog.txt",
            "id": "3f3ded393feee092402b829715083249ae6cfb69",
            "sensitive_content": null,
            "source": null
          },
          "sensitive_attributes": [
            [
              {
                "type": "get_attr",
                "value": "sensitive_content"
              }
            ]
          ]
        }
      ]
    }
  ],
  "check_results": null
}
